{
  "name": "ApacheStatusBeautifier",
  "version": "0.2.0",
  "lockfileVersion": 1,
  "requires": true,
  "dependencies": {
    "bootstrap": {
      "version": "3.3.7",
      "resolved": "https://registry.npmjs.org/bootstrap/-/bootstrap-3.3.7.tgz",
      "integrity": "sha1-WjiTlFSfIzMIdaOxUGVldPip63E="
    },
    "jquery": {
      "version": "3.2.1",
      "resolved": "https://registry.npmjs.org/jquery/-/jquery-3.2.1.tgz",
      "integrity": "sha1-XE2d5lKvbNCncBVKYxu6ErAVx4c="
    },
    "tablesorter": {
      "version": "2.29.0",
      "resolved": "https://registry.npmjs.org/tablesorter/-/tablesorter-2.29.0.tgz",
      "integrity": "sha512-VQsB/AXNR2soiiDnui5tYS+T6KO6zwvCEaHcqgRNEZ2F6mQYqni1nGQEKkChyC9wwJ4otfIa5w+kYhffV9Unng==",
      "requires": {
        "jquery": "3.2.1"
      }
    }
  }
}
